
Microsoft Visual Studio Solution File, Format Version 12.00
# Visual Studio 15
VisualStudioVersion = 15.0.28307.1705
MinimumVisualStudioVersion = 10.0.40219.1
Project("{FAE04EC0-301F-11D3-BF4B-00C04F79EFBC}") = "prog9.1", "prog9.1\prog9.1.csproj", "{B04C062C-39E5-4C9E-935D-4B752FCEE760}"
EndProject
Global
	GlobalSection(SolutionConfigurationPlatforms) = preSolution
		Debug|Any CPU = Debug|Any CPU
		Release|Any CPU = Release|Any CPU
	EndGlobalSection
	GlobalSection(ProjectConfigurationPlatforms) = postSolution
		{B04C062C-39E5-4C9E-935D-4B752FCEE760}.Debug|Any CPU.ActiveCfg = Debug|Any CPU
		{B04C062C-39E5-4C9E-935D-4B752FCEE760}.Debug|Any CPU.Build.0 = Debug|Any CPU
		{B04C062C-39E5-4C9E-935D-4B752FCEE760}.Release|Any CPU.ActiveCfg = Release|Any CPU
		{B04C062C-39E5-4C9E-935D-4B752FCEE760}.Release|Any CPU.Build.0 = Release|Any CPU
	EndGlobalSection
	GlobalSection(SolutionProperties) = preSolution
		HideSolutionNode = FALSE
	EndGlobalSection
	GlobalSection(ExtensibilityGlobals) = postSolution
		SolutionGuid = {24342F6A-CCB7-49D3-BAF9-4F23C2CE8043}
	EndGlobalSection
EndGlobal
