
Microsoft Visual Studio Solution File, Format Version 12.00
# Visual Studio 15
VisualStudioVersion = 15.0.28307.1705
MinimumVisualStudioVersion = 10.0.40219.1
Project("{FAE04EC0-301F-11D3-BF4B-00C04F79EFBC}") = "prog9.2", "prog9.2\prog9.2.csproj", "{B8CF1CA0-05F3-48E3-A9EF-29FF9C3A9599}"
EndProject
Global
	GlobalSection(SolutionConfigurationPlatforms) = preSolution
		Debug|Any CPU = Debug|Any CPU
		Release|Any CPU = Release|Any CPU
	EndGlobalSection
	GlobalSection(ProjectConfigurationPlatforms) = postSolution
		{B8CF1CA0-05F3-48E3-A9EF-29FF9C3A9599}.Debug|Any CPU.ActiveCfg = Debug|Any CPU
		{B8CF1CA0-05F3-48E3-A9EF-29FF9C3A9599}.Debug|Any CPU.Build.0 = Debug|Any CPU
		{B8CF1CA0-05F3-48E3-A9EF-29FF9C3A9599}.Release|Any CPU.ActiveCfg = Release|Any CPU
		{B8CF1CA0-05F3-48E3-A9EF-29FF9C3A9599}.Release|Any CPU.Build.0 = Release|Any CPU
	EndGlobalSection
	GlobalSection(SolutionProperties) = preSolution
		HideSolutionNode = FALSE
	EndGlobalSection
	GlobalSection(ExtensibilityGlobals) = postSolution
		SolutionGuid = {D307A162-277F-48DB-95F4-D429D550724A}
	EndGlobalSection
EndGlobal
