
Microsoft Visual Studio Solution File, Format Version 12.00
# Visual Studio 15
VisualStudioVersion = 15.0.28307.1705
MinimumVisualStudioVersion = 10.0.40219.1
Project("{FAE04EC0-301F-11D3-BF4B-00C04F79EFBC}") = "prog9.1form", "prog9.1form\prog9.1form.csproj", "{3421D371-2C38-455F-B1C5-A221C1C2C191}"
EndProject
Global
	GlobalSection(SolutionConfigurationPlatforms) = preSolution
		Debug|Any CPU = Debug|Any CPU
		Release|Any CPU = Release|Any CPU
	EndGlobalSection
	GlobalSection(ProjectConfigurationPlatforms) = postSolution
		{3421D371-2C38-455F-B1C5-A221C1C2C191}.Debug|Any CPU.ActiveCfg = Debug|Any CPU
		{3421D371-2C38-455F-B1C5-A221C1C2C191}.Debug|Any CPU.Build.0 = Debug|Any CPU
		{3421D371-2C38-455F-B1C5-A221C1C2C191}.Release|Any CPU.ActiveCfg = Release|Any CPU
		{3421D371-2C38-455F-B1C5-A221C1C2C191}.Release|Any CPU.Build.0 = Release|Any CPU
	EndGlobalSection
	GlobalSection(SolutionProperties) = preSolution
		HideSolutionNode = FALSE
	EndGlobalSection
	GlobalSection(ExtensibilityGlobals) = postSolution
		SolutionGuid = {D5CA6699-5967-41CB-A90C-FDD648418429}
	EndGlobalSection
EndGlobal
